Microsoft Visual Studio Solution File, Format Version 12.00
# Visual Studio Version 17
VisualStudioVersion = 17.10.35013.160
MinimumVisualStudioVersion = 10.0.40219.1
Project("{9A19103F-16F7-4668-BE54-9A1E7A4F7556}") = "LogFileMerge2", "FileLoadingTest\LogFileMerge2.csproj", "{039A0543-DD84-48A2-A757-7D93D2C64D55}"
EndProject
Global
	GlobalSection(SolutionConfigurationPlatforms) = preSolution
		Debug|Any CPU = Debug|Any CPU
		Debug|x64 = Debug|x64
		Release|Any CPU = Release|Any CPU
		Release|x64 = Release|x64
	EndGlobalSection
	GlobalSection(ProjectConfigurationPlatforms) = postSolution
		{039A0543-DD84-48A2-A757-7D93D2C64D55}.Debug|Any CPU.ActiveCfg = Debug|Any CPU
		{039A0543-DD84-48A2-A757-7D93D2C64D55}.Debug|Any CPU.Build.0 = Debug|Any CPU
		{039A0543-DD84-48A2-A757-7D93D2C64D55}.Debug|x64.ActiveCfg = Debug|Any CPU
		{039A0543-DD84-48A2-A757-7D93D2C64D55}.Debug|x64.Build.0 = Debug|Any CPU
		{039A0543-DD84-48A2-A757-7D93D2C64D55}.Release|Any CPU.ActiveCfg = Release|Any CPU
		{039A0543-DD84-48A2-A757-7D93D2C64D55}.Release|Any CPU.Build.0 = Release|Any CPU
		{039A0543-DD84-48A2-A757-7D93D2C64D55}.Release|x64.ActiveCfg = Release|Any CPU
		{039A0543-DD84-48A2-A757-7D93D2C64D55}.Release|x64.Build.0 = Release|Any CPU
	EndGlobalSection
	GlobalSection(SolutionProperties) = preSolution
		HideSolutionNode = FALSE
	EndGlobalSection
	GlobalSection(ExtensibilityGlobals) = postSolution
		SolutionGuid = {0FDD2471-3744-482D-86A0-24588FECDE17}
	EndGlobalSection
EndGlobal
